
Microsoft Visual Studio Solution File, Format Version 12.00
# Visual Studio 2013
VisualStudioVersion = 12.0.21005.1
MinimumVisualStudioVersion = 10.0.40219.1
Project("{8BC9CEB8-8B4A-11D0-8D11-00A0C91BC942}") = "DLPControlModule", "DLPControlModule\DLPControlModule.vcxproj", "{0CCBEDBE-BE8D-45BC-BF7B-CC5291C450A3}"
EndProject
Project("{8BC9CEB8-8B4A-11D0-8D11-00A0C91BC942}") = "CurveEditor", "CurveEditor\CurveEditor.vcxproj", "{1B96A876-39AF-4C9E-8168-866CB449A3C5}"
EndProject
Project("{8BC9CEB8-8B4A-11D0-8D11-00A0C91BC942}") = "DataModule", "DataModule\DataModule.vcxproj", "{02DE2B4C-CFB0-47D9-AC39-3D7E79DC7644}"
	ProjectSection(ProjectDependencies) = postProject
		{9DF4C4D5-B741-395A-A734-B78E8D285D2D} = {9DF4C4D5-B741-395A-A734-B78E8D285D2D}
	EndProjectSection
EndProject
Project("{8BC9CEB8-8B4A-11D0-8D11-00A0C91BC942}") = "3DViewUtility", "3DViewUtility\3DViewUtility.vcxproj", "{2C5F05E5-74BB-4E2B-A07C-049A5835CAC9}"
	ProjectSection(ProjectDependencies) = postProject
		{1B96A876-39AF-4C9E-8168-866CB449A3C5} = {1B96A876-39AF-4C9E-8168-866CB449A3C5}
	EndProjectSection
EndProject
Project("{8BC9CEB8-8B4A-11D0-8D11-00A0C91BC942}") = "VisionDetect", "VisionDetect\VisionDetect.vcxproj", "{BF710EED-8BBE-41DE-AFD3-F575981ACCF1}"
EndProject
Project("{8BC9CEB8-8B4A-11D0-8D11-00A0C91BC942}") = "VisionUI", "VisionUI\VisionUI.vcxproj", "{1795F236-00DB-4229-A2E2-FD21754B6206}"
EndProject
Project("{8BC9CEB8-8B4A-11D0-8D11-00A0C91BC942}") = "Common", "Common\Common.vcxproj", "{9DF4C4D5-B741-395A-A734-B78E8D285D2D}"
EndProject
Project("{8BC9CEB8-8B4A-11D0-8D11-00A0C91BC942}") = "HSGWorkflowCtrl", "HSGWorkflowCtrl\HSGWorkflowCtrl.vcxproj", "{71E20FDC-163B-4920-BE28-5E0CAC449A67}"
	ProjectSection(ProjectDependencies) = postProject
		{02DE2B4C-CFB0-47D9-AC39-3D7E79DC7644} = {02DE2B4C-CFB0-47D9-AC39-3D7E79DC7644}
		{EF98B2B3-63E7-4704-96F6-6F6916CBBD13} = {EF98B2B3-63E7-4704-96F6-6F6916CBBD13}
		{0CCBEDBE-BE8D-45BC-BF7B-CC5291C450A3} = {0CCBEDBE-BE8D-45BC-BF7B-CC5291C450A3}
		{9DF4C4D5-B741-395A-A734-B78E8D285D2D} = {9DF4C4D5-B741-395A-A734-B78E8D285D2D}
		{BF710EED-8BBE-41DE-AFD3-F575981ACCF1} = {BF710EED-8BBE-41DE-AFD3-F575981ACCF1}
		{EA84D5EF-8C5C-44D5-B886-2B16468A3D70} = {EA84D5EF-8C5C-44D5-B886-2B16468A3D70}
	EndProjectSection
EndProject
Project("{8BC9CEB8-8B4A-11D0-8D11-00A0C91BC942}") = "MainFormatWork", "VisionFormatWork\VisionFormatWork.vcxproj", "{B12702AD-ABFB-343A-A199-8E24837244A3}"
EndProject
Project("{8BC9CEB8-8B4A-11D0-8D11-00A0C91BC942}") = "CameraModule", "CarameModel\CarameModel.vcxproj", "{36FEF6C6-B396-4362-8C71-12E477A0D3C9}"
EndProject
Project("{8BC9CEB8-8B4A-11D0-8D11-00A0C91BC942}") = "VisionTest", "VisionTest\VisionTest.vcxproj", "{214D8033-C29C-4D9E-B790-864663DA4A9D}"
EndProject
Project("{8BC9CEB8-8B4A-11D0-8D11-00A0C91BC942}") = "MotionModule", "MotionModule\MotionModule.vcxproj", "{EA84D5EF-8C5C-44D5-B886-2B16468A3D70}"
EndProject
Project("{8BC9CEB8-8B4A-11D0-8D11-00A0C91BC942}") = "QSmartDetect", "QSmartDetect\QSmartDetect.vcxproj", "{5AAC3118-0C85-4004-84CF-A2B076C3F08D}"
EndProject
Project("{8BC9CEB8-8B4A-11D0-8D11-00A0C91BC942}") = "LightModule", "LightModule\LightModule.vcxproj", "{EF98B2B3-63E7-4704-96F6-6F6916CBBD13}"
EndProject
Project("{8BC9CEB8-8B4A-11D0-8D11-00A0C91BC942}") = "RegressionTest", "RegressionTest\RegressionTest.vcxproj", "{8CAECCEB-6B51-4646-9768-442BA2A21135}"
EndProject
Global
	GlobalSection(SolutionConfigurationPlatforms) = preSolution
		Debug|x64 = Debug|x64
		Release|x64 = Release|x64
	EndGlobalSection
	GlobalSection(ProjectConfigurationPlatforms) = postSolution
		{0CCBEDBE-BE8D-45BC-BF7B-CC5291C450A3}.Debug|x64.ActiveCfg = Debug|x64
		{0CCBEDBE-BE8D-45BC-BF7B-CC5291C450A3}.Debug|x64.Build.0 = Debug|x64
		{0CCBEDBE-BE8D-45BC-BF7B-CC5291C450A3}.Release|x64.ActiveCfg = Release|x64
		{0CCBEDBE-BE8D-45BC-BF7B-CC5291C450A3}.Release|x64.Build.0 = Release|x64
		{1B96A876-39AF-4C9E-8168-866CB449A3C5}.Debug|x64.ActiveCfg = Debug|x64
		{1B96A876-39AF-4C9E-8168-866CB449A3C5}.Debug|x64.Build.0 = Debug|x64
		{1B96A876-39AF-4C9E-8168-866CB449A3C5}.Release|x64.ActiveCfg = Release|x64
		{1B96A876-39AF-4C9E-8168-866CB449A3C5}.Release|x64.Build.0 = Release|x64
		{02DE2B4C-CFB0-47D9-AC39-3D7E79DC7644}.Debug|x64.ActiveCfg = Debug|x64
		{02DE2B4C-CFB0-47D9-AC39-3D7E79DC7644}.Debug|x64.Build.0 = Debug|x64
		{02DE2B4C-CFB0-47D9-AC39-3D7E79DC7644}.Release|x64.ActiveCfg = Release|x64
		{02DE2B4C-CFB0-47D9-AC39-3D7E79DC7644}.Release|x64.Build.0 = Release|x64
		{2C5F05E5-74BB-4E2B-A07C-049A5835CAC9}.Debug|x64.ActiveCfg = Debug|x64
		{2C5F05E5-74BB-4E2B-A07C-049A5835CAC9}.Debug|x64.Build.0 = Debug|x64
		{2C5F05E5-74BB-4E2B-A07C-049A5835CAC9}.Release|x64.ActiveCfg = Release|x64
		{2C5F05E5-74BB-4E2B-A07C-049A5835CAC9}.Release|x64.Build.0 = Release|x64
		{BF710EED-8BBE-41DE-AFD3-F575981ACCF1}.Debug|x64.ActiveCfg = Debug|x64
		{BF710EED-8BBE-41DE-AFD3-F575981ACCF1}.Debug|x64.Build.0 = Debug|x64
		{BF710EED-8BBE-41DE-AFD3-F575981ACCF1}.Release|x64.ActiveCfg = Release|x64
		{BF710EED-8BBE-41DE-AFD3-F575981ACCF1}.Release|x64.Build.0 = Release|x64
		{1795F236-00DB-4229-A2E2-FD21754B6206}.Debug|x64.ActiveCfg = Debug|x64
		{1795F236-00DB-4229-A2E2-FD21754B6206}.Debug|x64.Build.0 = Debug|x64
		{1795F236-00DB-4229-A2E2-FD21754B6206}.Release|x64.ActiveCfg = Release|x64
		{1795F236-00DB-4229-A2E2-FD21754B6206}.Release|x64.Build.0 = Release|x64
		{9DF4C4D5-B741-395A-A734-B78E8D285D2D}.Debug|x64.ActiveCfg = Debug|x64
		{9DF4C4D5-B741-395A-A734-B78E8D285D2D}.Debug|x64.Build.0 = Debug|x64
		{9DF4C4D5-B741-395A-A734-B78E8D285D2D}.Release|x64.ActiveCfg = Release|x64
		{9DF4C4D5-B741-395A-A734-B78E8D285D2D}.Release|x64.Build.0 = Release|x64
		{71E20FDC-163B-4920-BE28-5E0CAC449A67}.Debug|x64.ActiveCfg = Debug|x64
		{71E20FDC-163B-4920-BE28-5E0CAC449A67}.Debug|x64.Build.0 = Debug|x64
		{71E20FDC-163B-4920-BE28-5E0CAC449A67}.Release|x64.ActiveCfg = Release|x64
		{71E20FDC-163B-4920-BE28-5E0CAC449A67}.Release|x64.Build.0 = Release|x64
		{B12702AD-ABFB-343A-A199-8E24837244A3}.Debug|x64.ActiveCfg = Debug|x64
		{B12702AD-ABFB-343A-A199-8E24837244A3}.Debug|x64.Build.0 = Debug|x64
		{B12702AD-ABFB-343A-A199-8E24837244A3}.Release|x64.ActiveCfg = Release|x64
		{B12702AD-ABFB-343A-A199-8E24837244A3}.Release|x64.Build.0 = Release|x64
		{36FEF6C6-B396-4362-8C71-12E477A0D3C9}.Debug|x64.ActiveCfg = Debug|x64
		{36FEF6C6-B396-4362-8C71-12E477A0D3C9}.Debug|x64.Build.0 = Debug|x64
		{36FEF6C6-B396-4362-8C71-12E477A0D3C9}.Release|x64.ActiveCfg = Release|x64
		{36FEF6C6-B396-4362-8C71-12E477A0D3C9}.Release|x64.Build.0 = Release|x64
		{214D8033-C29C-4D9E-B790-864663DA4A9D}.Debug|x64.ActiveCfg = Debug|x64
		{214D8033-C29C-4D9E-B790-864663DA4A9D}.Debug|x64.Build.0 = Debug|x64
		{214D8033-C29C-4D9E-B790-864663DA4A9D}.Release|x64.ActiveCfg = Release|x64
		{214D8033-C29C-4D9E-B790-864663DA4A9D}.Release|x64.Build.0 = Release|x64
		{EA84D5EF-8C5C-44D5-B886-2B16468A3D70}.Debug|x64.ActiveCfg = Debug|x64
		{EA84D5EF-8C5C-44D5-B886-2B16468A3D70}.Debug|x64.Build.0 = Debug|x64
		{EA84D5EF-8C5C-44D5-B886-2B16468A3D70}.Release|x64.ActiveCfg = Release|x64
		{EA84D5EF-8C5C-44D5-B886-2B16468A3D70}.Release|x64.Build.0 = Release|x64
		{5AAC3118-0C85-4004-84CF-A2B076C3F08D}.Debug|x64.ActiveCfg = Debug|x64
		{5AAC3118-0C85-4004-84CF-A2B076C3F08D}.Release|x64.ActiveCfg = Release|x64
		{EF98B2B3-63E7-4704-96F6-6F6916CBBD13}.Debug|x64.ActiveCfg = Debug|x64
		{EF98B2B3-63E7-4704-96F6-6F6916CBBD13}.Debug|x64.Build.0 = Debug|x64
		{EF98B2B3-63E7-4704-96F6-6F6916CBBD13}.Release|x64.ActiveCfg = Release|x64
		{EF98B2B3-63E7-4704-96F6-6F6916CBBD13}.Release|x64.Build.0 = Release|x64
		{8CAECCEB-6B51-4646-9768-442BA2A21135}.Debug|x64.ActiveCfg = Debug|x64
		{8CAECCEB-6B51-4646-9768-442BA2A21135}.Release|x64.ActiveCfg = Release|x64
	EndGlobalSection
	GlobalSection(SolutionProperties) = preSolution
		HideSolutionNode = FALSE
	EndGlobalSection
	GlobalSection(ExtensibilityGlobals) = postSolution
		Qt5Version = msvc2013_64_opengl
	EndGlobalSection
EndGlobal
