<?xml version="1.0" encoding="utf-8"?>
<Project ToolsVersion="4.0" xmlns="http://schemas.microsoft.com/developer/msbuild/2003">
  <ItemGroup>
    <Filter Include="Source Files">
      <UniqueIdentifier>{4FC737F1-C7A5-4376-A066-2A32D752A2FF}</UniqueIdentifier>
      <Extensions>cpp;cxx;c;def</Extensions>
    </Filter>
    <Filter Include="Header Files">
      <UniqueIdentifier>{93995380-89BD-4b04-88EB-625FBE52EBFB}</UniqueIdentifier>
      <Extensions>h</Extensions>
    </Filter>
    <Filter Include="Form Files">
      <UniqueIdentifier>{99349809-55BA-4b9d-BF79-8FDBB0286EB3}</UniqueIdentifier>
      <Extensions>ui</Extensions>
    </Filter>
    <Filter Include="Resource Files">
      <UniqueIdentifier>{D9D6E242-F8AF-46E4-B9FD-80ECBC20BA3E}</UniqueIdentifier>
      <Extensions>qrc;*</Extensions>
      <ParseFiles>false</ParseFiles>
    </Filter>
    <Filter Include="Generated Files">
      <UniqueIdentifier>{71ED8ED8-ACB9-4CE9-BBE1-E00B30144E11}</UniqueIdentifier>
      <Extensions>moc;h;cpp</Extensions>
      <SourceControlFiles>False</SourceControlFiles>
    </Filter>
    <Filter Include="Generated Files\Debug">
      <UniqueIdentifier>{17697154-c4ba-4089-9cf6-402fa1e65193}</UniqueIdentifier>
      <Extensions>cpp;moc</Extensions>
      <SourceControlFiles>False</SourceControlFiles>
    </Filter>
    <Filter Include="Generated Files\Release">
      <UniqueIdentifier>{54516421-b7ea-423e-83a0-49b878c25250}</UniqueIdentifier>
      <Extensions>cpp;moc</Extensions>
      <SourceControlFiles>False</SourceControlFiles>
    </Filter>
  </ItemGroup>
  <ItemGroup>
    <ClCompile Include="hsgworkflowctrl.cpp">
      <Filter>Source Files</Filter>
    </ClCompile>
    <ClCompile Include="GeneratedFiles\Debug\moc_hsgflowctrl.cpp">
      <Filter>Generated Files\Debug</Filter>
    </ClCompile>
    <ClCompile Include="GeneratedFiles\Release\moc_hsgflowctrl.cpp">
      <Filter>Generated Files\Release</Filter>
    </ClCompile>
    <ClCompile Include="GeneratedFiles\Debug\moc_hsgWorkFlowWidget.cpp">
      <Filter>Generated Files\Debug</Filter>
    </ClCompile>
    <ClCompile Include="GeneratedFiles\Release\moc_hsgWorkFlowWidget.cpp">
      <Filter>Generated Files\Release</Filter>
    </ClCompile>
    <ClCompile Include="GeneratedFiles\Debug\moc_hsgWorkflowDiagions.cpp">
      <Filter>Generated Files\Debug</Filter>
    </ClCompile>
    <ClCompile Include="GeneratedFiles\Release\moc_hsgWorkflowDiagions.cpp">
      <Filter>Generated Files\Release</Filter>
    </ClCompile>
    <ClCompile Include="hsgflowctrl.cpp">
      <Filter>Source Files</Filter>
    </ClCompile>
    <ClCompile Include="hsgWorkflowDiagions.cpp">
      <Filter>Source Files</Filter>
    </ClCompile>
    <ClCompile Include="hsgWorkFlowWidget.cpp">
      <Filter>Source Files</Filter>
    </ClCompile>
    <ClCompile Include="hsgworksetting.cpp">
      <Filter>Source Files</Filter>
    </ClCompile>
    <ClCompile Include="GeneratedFiles\Debug\moc_hsgworksetting.cpp">
      <Filter>Generated Files\Debug</Filter>
    </ClCompile>
    <ClCompile Include="GeneratedFiles\Release\moc_hsgworksetting.cpp">
      <Filter>Generated Files\Release</Filter>
    </ClCompile>
    <ClCompile Include="AutoRunThread.cpp">
      <Filter>Source Files</Filter>
    </ClCompile>
    <ClCompile Include="AlignmentRunnable.cpp">
      <Filter>Source Files</Filter>
    </ClCompile>
    <ClCompile Include="TimeLog.cpp">
      <Filter>Source Files</Filter>
    </ClCompile>
    <ClCompile Include="..\DataModule\DataUtils.cpp">
      <Filter>Source Files</Filter>
    </ClCompile>
    <ClCompile Include="Insp3DHeightRunnable.cpp">
      <Filter>Source Files</Filter>
    </ClCompile>
    <ClCompile Include="Calc3DHeightRunnable.cpp">
      <Filter>Source Files</Filter>
    </ClCompile>
    <ClCompile Include="Insp2DRunnable.cpp">
      <Filter>Source Files</Filter>
    </ClCompile>
    <ClCompile Include="BoardInspResult.cpp">
      <Filter>Source Files</Filter>
    </ClCompile>
  </ItemGroup>
  <ItemGroup>
    <ClInclude Include="hsgworkflowctrl.h">
      <Filter>Header Files</Filter>
    </ClInclude>
    <ClInclude Include="hsgworkflowctrl_global.h">
      <Filter>Header Files</Filter>
    </ClInclude>
    <ClInclude Include="GeneratedFiles\ui_WorkflowDiagions.h">
      <Filter>Generated Files</Filter>
    </ClInclude>
    <ClInclude Include="GeneratedFiles\ui_WorkFlowWidget.h">
      <Filter>Generated Files</Filter>
    </ClInclude>
    <ClInclude Include="GeneratedFiles\ui_worksetting.h">
      <Filter>Generated Files</Filter>
    </ClInclude>
    <ClInclude Include="AutoRunThread.h">
      <Filter>Header Files</Filter>
    </ClInclude>
    <ClInclude Include="AlignmentRunnable.h">
      <Filter>Header Files</Filter>
    </ClInclude>
    <ClInclude Include="TimeLog.h">
      <Filter>Header Files</Filter>
    </ClInclude>
    <ClInclude Include="StopWatch.h">
      <Filter>Header Files</Filter>
    </ClInclude>
    <ClInclude Include="..\DataModule\DataUtils.h">
      <Filter>Header Files</Filter>
    </ClInclude>
    <ClInclude Include="Insp3DHeightRunnable.h">
      <Filter>Header Files</Filter>
    </ClInclude>
    <ClInclude Include="Calc3DHeightRunnable.h">
      <Filter>Header Files</Filter>
    </ClInclude>
    <ClInclude Include="Insp2DRunnable.h">
      <Filter>Header Files</Filter>
    </ClInclude>
    <ClInclude Include="BoardInspResult.h">
      <Filter>Header Files</Filter>
    </ClInclude>
    <ClInclude Include="AutoRunDataStructs.h">
      <Filter>Header Files</Filter>
    </ClInclude>
    <ClInclude Include="InspRunnable.h">
      <Filter>Header Files</Filter>
    </ClInclude>
  </ItemGroup>
  <ItemGroup>
    <CustomBuild Include="WorkflowDiagions.ui">
      <Filter>Form Files</Filter>
    </CustomBuild>
    <CustomBuild Include="WorkFlowWidget.ui">
      <Filter>Form Files</Filter>
    </CustomBuild>
    <CustomBuild Include="worksetting.ui">
      <Filter>Form Files</Filter>
    </CustomBuild>
    <CustomBuild Include="hsgflowctrl.h">
      <Filter>Header Files</Filter>
    </CustomBuild>
    <CustomBuild Include="hsgWorkFlowWidget.h">
      <Filter>Header Files</Filter>
    </CustomBuild>
    <CustomBuild Include="hsgWorkflowDiagions.h">
      <Filter>Header Files</Filter>
    </CustomBuild>
    <CustomBuild Include="hsgworksetting.h">
      <Filter>Header Files</Filter>
    </CustomBuild>
  </ItemGroup>
</Project>