<?xml version="1.0" encoding="utf-8"?>
<Project ToolsVersion="4.0" xmlns="http://schemas.microsoft.com/developer/msbuild/2003">
  <ItemGroup>
    <Filter Include="Generated Files">
      <UniqueIdentifier>{71ED8ED8-ACB9-4CE9-BBE1-E00B30144E11}</UniqueIdentifier>
      <Extensions>cpp;c;cxx;moc;h;def;odl;idl;res;</Extensions>
    </Filter>
    <Filter Include="Generated Files">
      <UniqueIdentifier>{71ED8ED8-ACB9-4CE9-BBE1-E00B30144E11}</UniqueIdentifier>
      <Extensions>cpp;c;cxx;moc;h;def;odl;idl;res;</Extensions>
    </Filter>
    <Filter Include="Header Files">
      <UniqueIdentifier>{93995380-89BD-4b04-88EB-625FBE52EBFB}</UniqueIdentifier>
      <Extensions>h;hpp;hxx;hm;inl;inc;xsd</Extensions>
    </Filter>
    <Filter Include="Header Files">
      <UniqueIdentifier>{93995380-89BD-4b04-88EB-625FBE52EBFB}</UniqueIdentifier>
      <Extensions>h;hpp;hxx;hm;inl;inc;xsd</Extensions>
    </Filter>
    <Filter Include="Source Files">
      <UniqueIdentifier>{4FC737F1-C7A5-4376-A066-2A32D752A2FF}</UniqueIdentifier>
      <Extensions>cpp;c;cxx;def;odl;idl;hpj;bat;asm;asmx</Extensions>
    </Filter>
    <Filter Include="Source Files">
      <UniqueIdentifier>{4FC737F1-C7A5-4376-A066-2A32D752A2FF}</UniqueIdentifier>
      <Extensions>cpp;c;cxx;def;odl;idl;hpj;bat;asm;asmx</Extensions>
    </Filter>
    <Filter Include="Generated Files\Debug">
      <UniqueIdentifier>{7fe3d743-45b9-4e0d-9835-83264740fd5f}</UniqueIdentifier>
      <Extensions>cpp;moc</Extensions>
      <SourceControlFiles>False</SourceControlFiles>
    </Filter>
    <Filter Include="Generated Files\Release">
      <UniqueIdentifier>{6df79cfb-0376-476b-b268-97f9fe336bb1}</UniqueIdentifier>
      <Extensions>cpp;moc</Extensions>
      <SourceControlFiles>False</SourceControlFiles>
    </Filter>
    <Filter Include="Form Files">
      <UniqueIdentifier>{99349809-55BA-4b9d-BF79-8FDBB0286EB3}</UniqueIdentifier>
      <Extensions>ui</Extensions>
      <ParseFiles>true</ParseFiles>
    </Filter>
  </ItemGroup>
  <ItemGroup>
    <ClCompile Include="modulebase.cpp">
      <Filter>Source Files</Filter>
    </ClCompile>
    <ClCompile Include="ErrorCode.cpp">
      <Filter>Source Files</Filter>
    </ClCompile>
    <ClCompile Include="SystemData.cpp">
      <Filter>Source Files</Filter>
    </ClCompile>
    <ClCompile Include="ThreadPrioc.cpp">
      <Filter>Source Files</Filter>
    </ClCompile>
    <ClCompile Include="Track.cpp">
      <Filter>Source Files</Filter>
    </ClCompile>
    <ClCompile Include="sysmessagebox.cpp">
      <Filter>Source Files</Filter>
    </ClCompile>
    <ClCompile Include="userdialog.cpp">
      <Filter>Source Files</Filter>
    </ClCompile>
    <ClCompile Include="usermanager.cpp">
      <Filter>Source Files</Filter>
    </ClCompile>
    <ClCompile Include="useredit.cpp">
      <Filter>Source Files</Filter>
    </ClCompile>
    <ClCompile Include="authright.cpp">
      <Filter>Source Files</Filter>
    </ClCompile>
    <ClCompile Include="ModuleMgr.cpp">
      <Filter>Source Files</Filter>
    </ClCompile>
    <ClCompile Include="eos.cpp">
      <Filter>Source Files</Filter>
    </ClCompile>
    <ClCompile Include="GeneratedFiles\Debug\moc_usermanager.cpp">
      <Filter>Generated Files\Debug</Filter>
    </ClCompile>
    <ClCompile Include="GeneratedFiles\Release\moc_usermanager.cpp">
      <Filter>Generated Files\Release</Filter>
    </ClCompile>
    <ClCompile Include="GeneratedFiles\Debug\moc_useredit.cpp">
      <Filter>Generated Files\Debug</Filter>
    </ClCompile>
    <ClCompile Include="GeneratedFiles\Release\moc_useredit.cpp">
      <Filter>Generated Files\Release</Filter>
    </ClCompile>
    <ClCompile Include="GeneratedFiles\Debug\moc_userdialog.cpp">
      <Filter>Generated Files\Debug</Filter>
    </ClCompile>
    <ClCompile Include="GeneratedFiles\Release\moc_userdialog.cpp">
      <Filter>Generated Files\Release</Filter>
    </ClCompile>
    <ClCompile Include="GeneratedFiles\Debug\moc_SystemData.cpp">
      <Filter>Generated Files\Debug</Filter>
    </ClCompile>
    <ClCompile Include="GeneratedFiles\Release\moc_SystemData.cpp">
      <Filter>Generated Files\Release</Filter>
    </ClCompile>
    <ClCompile Include="GeneratedFiles\Debug\moc_sysmessagebox.cpp">
      <Filter>Generated Files\Debug</Filter>
    </ClCompile>
    <ClCompile Include="GeneratedFiles\Release\moc_sysmessagebox.cpp">
      <Filter>Generated Files\Release</Filter>
    </ClCompile>
    <ClCompile Include="GeneratedFiles\Debug\moc_ModuleMgr.cpp">
      <Filter>Generated Files\Debug</Filter>
    </ClCompile>
    <ClCompile Include="GeneratedFiles\Release\moc_ModuleMgr.cpp">
      <Filter>Generated Files\Release</Filter>
    </ClCompile>
    <ClCompile Include="GeneratedFiles\Debug\moc_authright.cpp">
      <Filter>Generated Files\Debug</Filter>
    </ClCompile>
    <ClCompile Include="GeneratedFiles\Release\moc_authright.cpp">
      <Filter>Generated Files\Release</Filter>
    </ClCompile>
    <ClCompile Include="GeneratedFiles\Debug\moc_eos.cpp">
      <Filter>Generated Files\Debug</Filter>
    </ClCompile>
    <ClCompile Include="GeneratedFiles\Release\moc_eos.cpp">
      <Filter>Generated Files\Release</Filter>
    </ClCompile>
    <ClCompile Include="UserDataArch.cpp">
      <Filter>Source Files</Filter>
    </ClCompile>
    <ClCompile Include="GeneratedFiles\Debug\moc_UserDataArch.cpp">
      <Filter>Generated Files\Debug</Filter>
    </ClCompile>
    <ClCompile Include="GeneratedFiles\Release\moc_UserDataArch.cpp">
      <Filter>Generated Files\Release</Filter>
    </ClCompile>
    <ClCompile Include="CVSFile.cpp">
      <Filter>Source Files</Filter>
    </ClCompile>
    <ClCompile Include="GeneratedFiles\Debug\moc_translatormgr.cpp">
      <Filter>Generated Files\Debug</Filter>
    </ClCompile>
    <ClCompile Include="GeneratedFiles\Release\moc_translatormgr.cpp">
      <Filter>Generated Files\Release</Filter>
    </ClCompile>
    <ClCompile Include="translatormgr.cpp">
      <Filter>Source Files</Filter>
    </ClCompile>
    <ClCompile Include="GeneratedFiles\Debug\moc_ErrorCode.cpp">
      <Filter>Generated Files\Debug</Filter>
    </ClCompile>
    <ClCompile Include="GeneratedFiles\Release\moc_ErrorCode.cpp">
      <Filter>Generated Files\Release</Filter>
    </ClCompile>
    <ClCompile Include="GeneratedFiles\Debug\moc_qcustomplot.cpp">
      <Filter>Generated Files\Debug</Filter>
    </ClCompile>
    <ClCompile Include="GeneratedFiles\Release\moc_qcustomplot.cpp">
      <Filter>Generated Files\Release</Filter>
    </ClCompile>
    <ClCompile Include="qcustomplot.cpp">
      <Filter>Source Files</Filter>
    </ClCompile>
    <ClCompile Include="errorprinter.cpp">
      <Filter>Generated Files</Filter>
    </ClCompile>
  </ItemGroup>
  <ItemGroup>
    <ClInclude Include="Common_global.h">
      <Filter>Header Files</Filter>
    </ClInclude>
    <ClInclude Include="..\include\Module.h">
      <Filter>Header Files</Filter>
    </ClInclude>
    <ClInclude Include="modulebase.h">
      <Filter>Header Files</Filter>
    </ClInclude>
    <CustomBuild Include="SystemData.h">
      <Filter>Header Files</Filter>
    </CustomBuild>
    <CustomBuild Include="ErrorCode.h">
      <Filter>Header Files</Filter>
    </CustomBuild>
    <CustomBuild Include="sysmessagebox.h">
      <Filter>Header Files</Filter>
    </CustomBuild>
    <CustomBuild Include="sysmessagebox.ui">
      <Filter>Form Files</Filter>
    </CustomBuild>
    <CustomBuild Include="userdialog.h">
      <Filter>Header Files</Filter>
    </CustomBuild>
    <CustomBuild Include="userdialog.ui">
      <Filter>Form Files</Filter>
    </CustomBuild>
    <CustomBuild Include="usermanager.h">
      <Filter>Header Files</Filter>
    </CustomBuild>
    <CustomBuild Include="usermanager.ui">
      <Filter>Form Files</Filter>
    </CustomBuild>
    <CustomBuild Include="useredit.ui">
      <Filter>Form Files</Filter>
    </CustomBuild>
    <CustomBuild Include="useredit.h">
      <Filter>Header Files</Filter>
    </CustomBuild>
    <CustomBuild Include="authright.h">
      <Filter>Header Files</Filter>
    </CustomBuild>
    <CustomBuild Include="authright.ui">
      <Filter>Form Files</Filter>
    </CustomBuild>
    <ClInclude Include="..\include\common.h">
      <Filter>Generated Files</Filter>
    </ClInclude>
    <ClInclude Include="CVSFile.h">
      <Filter>Header Files</Filter>
    </ClInclude>
    <ClInclude Include="errorprinter.h">
      <Filter>Header Files</Filter>
    </ClInclude>
    <ClInclude Include="dog_vcode.h">
      <Filter>Header Files</Filter>
    </ClInclude>
    <ClInclude Include="encrypted_string1.h">
      <Filter>Header Files</Filter>
    </ClInclude>
  </ItemGroup>
  <ItemGroup>
    <ClInclude Include="ThreadPrioc.h">
      <Filter>Header Files</Filter>
    </ClInclude>
    <ClInclude Include="Track.h">
      <Filter>Header Files</Filter>
    </ClInclude>
    <ClInclude Include="resource.h">
      <Filter>Generated Files</Filter>
    </ClInclude>
    <ClInclude Include="GeneratedFiles\ui_sysmessagebox.h">
      <Filter>Generated Files</Filter>
    </ClInclude>
    <ClInclude Include="GeneratedFiles\ui_userdialog.h">
      <Filter>Generated Files</Filter>
    </ClInclude>
    <ClInclude Include="GeneratedFiles\ui_usermanager.h">
      <Filter>Generated Files</Filter>
    </ClInclude>
    <ClInclude Include="GeneratedFiles\ui_useredit.h">
      <Filter>Generated Files</Filter>
    </ClInclude>
    <ClInclude Include="GeneratedFiles\ui_authright.h">
      <Filter>Generated Files</Filter>
    </ClInclude>
  </ItemGroup>
  <ItemGroup>
    <CustomBuild Include="ModuleMgr.h">
      <Filter>Header Files</Filter>
    </CustomBuild>
    <CustomBuild Include="eos.h">
      <Filter>Header Files</Filter>
    </CustomBuild>
    <CustomBuild Include="UserDataArch.h">
      <Filter>Header Files</Filter>
    </CustomBuild>
    <CustomBuild Include="translatormgr.h">
      <Filter>Header Files</Filter>
    </CustomBuild>
    <CustomBuild Include="qcustomplot.h">
      <Filter>Header Files</Filter>
    </CustomBuild>
  </ItemGroup>
</Project>