<?xml version="1.0" encoding="utf-8"?>
<Project ToolsVersion="4.0" xmlns="http://schemas.microsoft.com/developer/msbuild/2003">
  <ItemGroup>
    <ClCompile Include="DViewUtility.cpp">
      <Filter>Source Files</Filter>
    </ClCompile>
    <ClCompile Include="GeneratedFiles\Debug\moc_ViewEditor.cpp">
      <Filter>Generated Files\Debug</Filter>
    </ClCompile>
    <ClCompile Include="GeneratedFiles\Release\moc_ViewEditor.cpp">
      <Filter>Generated Files\Release</Filter>
    </ClCompile>
    <ClCompile Include="ViewEditor.cpp">
      <Filter>Source Files</Filter>
    </ClCompile>
    <ClCompile Include="GeneratedFiles\Debug\moc_ViewWidget.cpp">
      <Filter>Generated Files\Debug</Filter>
    </ClCompile>
    <ClCompile Include="GeneratedFiles\Release\moc_ViewWidget.cpp">
      <Filter>Generated Files\Release</Filter>
    </ClCompile>
    <ClCompile Include="ViewWidget.cpp">
      <Filter>Source Files</Filter>
    </ClCompile>
    <ClCompile Include="MathAPIKernel_Qt\Matrix4D.cpp">
      <Filter>Source Files\MathAPIKernel</Filter>
    </ClCompile>
    <ClCompile Include="MathAPIKernel_Qt\Position3D.cpp">
      <Filter>Source Files\MathAPIKernel</Filter>
    </ClCompile>
    <ClCompile Include="MathAPIKernel_Qt\Vector3D.cpp">
      <Filter>Source Files\MathAPIKernel</Filter>
    </ClCompile>
    <ClCompile Include="RoamingScenceManager.cpp">
      <Filter>Source Files</Filter>
    </ClCompile>
    <ClCompile Include="core\BooleanModeller.cpp">
      <Filter>Source Files\core</Filter>
    </ClCompile>
    <ClCompile Include="core\Bound.cpp">
      <Filter>Source Files\core</Filter>
    </ClCompile>
    <ClCompile Include="core\Color.cpp">
      <Filter>Source Files\core</Filter>
    </ClCompile>
    <ClCompile Include="core\ColorSet.cpp">
      <Filter>Source Files\core</Filter>
    </ClCompile>
    <ClCompile Include="core\CSGWorld.cpp">
      <Filter>Source Files\core</Filter>
    </ClCompile>
    <ClCompile Include="core\Face.cpp">
      <Filter>Source Files\core</Filter>
    </ClCompile>
    <ClCompile Include="core\FaceSet.cpp">
      <Filter>Source Files\core</Filter>
    </ClCompile>
    <ClCompile Include="core\IntSet.cpp">
      <Filter>Source Files\core</Filter>
    </ClCompile>
    <ClCompile Include="core\Line.cpp">
      <Filter>Source Files\core</Filter>
    </ClCompile>
    <ClCompile Include="core\Object3D.cpp">
      <Filter>Source Files\core</Filter>
    </ClCompile>
    <ClCompile Include="core\Segment.cpp">
      <Filter>Source Files\core</Filter>
    </ClCompile>
    <ClCompile Include="core\Solid.cpp">
      <Filter>Source Files\core</Filter>
    </ClCompile>
    <ClCompile Include="core\Vector.cpp">
      <Filter>Source Files\core</Filter>
    </ClCompile>
    <ClCompile Include="core\VectorSet.cpp">
      <Filter>Source Files\core</Filter>
    </ClCompile>
    <ClCompile Include="core\Vertex.cpp">
      <Filter>Source Files\core</Filter>
    </ClCompile>
    <ClCompile Include="core\VertexSet.cpp">
      <Filter>Source Files\core</Filter>
    </ClCompile>
    <ClCompile Include="GeneratedFiles\Debug\moc_BezierMesh.cpp">
      <Filter>Generated Files\Debug</Filter>
    </ClCompile>
    <ClCompile Include="GeneratedFiles\Release\moc_BezierMesh.cpp">
      <Filter>Generated Files\Release</Filter>
    </ClCompile>
    <ClCompile Include="BezierMesh.cpp">
      <Filter>Source Files</Filter>
    </ClCompile>
    <ClCompile Include="GeneratedFiles\Debug\moc_CSGMesh.cpp">
      <Filter>Generated Files\Debug</Filter>
    </ClCompile>
    <ClCompile Include="GeneratedFiles\Release\moc_CSGMesh.cpp">
      <Filter>Generated Files\Release</Filter>
    </ClCompile>
    <ClCompile Include="CSGMesh.cpp">
      <Filter>Source Files</Filter>
    </ClCompile>
    <ClCompile Include="GLFont.cpp">
      <Filter>Source Files</Filter>
    </ClCompile>
    <ClCompile Include="GeneratedFiles\Debug\moc_ViewSetting.cpp">
      <Filter>Generated Files\Debug</Filter>
    </ClCompile>
    <ClCompile Include="GeneratedFiles\Release\moc_ViewSetting.cpp">
      <Filter>Generated Files\Release</Filter>
    </ClCompile>
    <ClCompile Include="ViewSetting.cpp">
      <Filter>Source Files</Filter>
    </ClCompile>
  </ItemGroup>
  <ItemGroup>
    <ClInclude Include="DViewUtility.h">
      <Filter>Header Files</Filter>
    </ClInclude>
    <ClInclude Include="dviewutility_global.h">
      <Filter>Header Files</Filter>
    </ClInclude>
    <ClInclude Include="GeneratedFiles\ui_ViewEditor.h">
      <Filter>Generated Files</Filter>
    </ClInclude>
    <ClInclude Include="MathAPIKernel\Matrix4D.h">
      <Filter>Header Files\MathAPIKernel</Filter>
    </ClInclude>
    <ClInclude Include="MathAPIKernel\Position3D.h">
      <Filter>Header Files\MathAPIKernel</Filter>
    </ClInclude>
    <ClInclude Include="MathAPIKernel\Vector3D.h">
      <Filter>Header Files\MathAPIKernel</Filter>
    </ClInclude>
    <ClInclude Include="RoamingScenceManager.h">
      <Filter>Header Files</Filter>
    </ClInclude>
    <ClInclude Include="core\BooleanModeller.h">
      <Filter>Header Files\core</Filter>
    </ClInclude>
    <ClInclude Include="core\Bound.h">
      <Filter>Header Files\core</Filter>
    </ClInclude>
    <ClInclude Include="core\Color.h">
      <Filter>Header Files\core</Filter>
    </ClInclude>
    <ClInclude Include="core\ColorSet.h">
      <Filter>Header Files\core</Filter>
    </ClInclude>
    <ClInclude Include="core\CSGWorld.h">
      <Filter>Header Files\core</Filter>
    </ClInclude>
    <ClInclude Include="core\Face.h">
      <Filter>Header Files\core</Filter>
    </ClInclude>
    <ClInclude Include="core\FaceSet.h">
      <Filter>Header Files\core</Filter>
    </ClInclude>
    <ClInclude Include="core\IntSet.h">
      <Filter>Header Files\core</Filter>
    </ClInclude>
    <ClInclude Include="core\Line.h">
      <Filter>Header Files\core</Filter>
    </ClInclude>
    <ClInclude Include="core\Object3D.h">
      <Filter>Header Files\core</Filter>
    </ClInclude>
    <ClInclude Include="core\Segment.h">
      <Filter>Header Files\core</Filter>
    </ClInclude>
    <ClInclude Include="core\Solid.h">
      <Filter>Header Files\core</Filter>
    </ClInclude>
    <ClInclude Include="core\Vector.h">
      <Filter>Header Files\core</Filter>
    </ClInclude>
    <ClInclude Include="core\VectorSet.h">
      <Filter>Header Files\core</Filter>
    </ClInclude>
    <ClInclude Include="core\Vertex.h">
      <Filter>Header Files\core</Filter>
    </ClInclude>
    <ClInclude Include="core\VertexSet.h">
      <Filter>Header Files\core</Filter>
    </ClInclude>
    <ClInclude Include="GLFont.h">
      <Filter>Header Files</Filter>
    </ClInclude>
    <ClInclude Include="GeneratedFiles\ui_QViewSetting.h">
      <Filter>Generated Files</Filter>
    </ClInclude>
  </ItemGroup>
  <ItemGroup>
    <Filter Include="Resource Files">
      <UniqueIdentifier>{D9D6E242-F8AF-46E4-B9FD-80ECBC20BA3E}</UniqueIdentifier>
      <Extensions>qrc;*</Extensions>
      <ParseFiles>false</ParseFiles>
    </Filter>
    <Filter Include="Header Files">
      <UniqueIdentifier>{93995380-89BD-4b04-88EB-625FBE52EBFB}</UniqueIdentifier>
      <Extensions>h;hh;hpp;hxx;hm;inl;inc;xsd</Extensions>
      <ParseFiles>true</ParseFiles>
    </Filter>
    <Filter Include="Generated Files">
      <UniqueIdentifier>{71ED8ED8-ACB9-4CE9-BBE1-E00B30144E11}</UniqueIdentifier>
      <Extensions>moc;h;cpp</Extensions>
      <ParseFiles>true</ParseFiles>
    </Filter>
    <Filter Include="Generated Files\Debug">
      <UniqueIdentifier>{f097b712-e716-4956-81ff-17c6231ee0c6}</UniqueIdentifier>
      <Extensions>cpp;moc</Extensions>
      <SourceControlFiles>False</SourceControlFiles>
    </Filter>
    <Filter Include="Generated Files\Release">
      <UniqueIdentifier>{13a1dd91-dc47-4f4e-9522-dfcc81482f55}</UniqueIdentifier>
      <Extensions>cpp;moc</Extensions>
      <SourceControlFiles>False</SourceControlFiles>
    </Filter>
    <Filter Include="Source Files">
      <UniqueIdentifier>{4FC737F1-C7A5-4376-A066-2A32D752A2FF}</UniqueIdentifier>
      <Extensions>cpp;c;cc;cxx;def;odl;idl;hpj;bat;asm;asmx</Extensions>
      <ParseFiles>true</ParseFiles>
    </Filter>
    <Filter Include="Form Files">
      <UniqueIdentifier>{99349809-55BA-4b9d-BF79-8FDBB0286EB3}</UniqueIdentifier>
      <Extensions>ui</Extensions>
      <ParseFiles>true</ParseFiles>
    </Filter>
    <Filter Include="Header Files\MathAPIKernel">
      <UniqueIdentifier>{869a47e7-b601-41c7-9e66-1599a0a8195c}</UniqueIdentifier>
    </Filter>
    <Filter Include="Source Files\MathAPIKernel">
      <UniqueIdentifier>{7e1239ec-e781-4bb9-bd50-0bad32fdbe57}</UniqueIdentifier>
    </Filter>
    <Filter Include="Header Files\core">
      <UniqueIdentifier>{3f4a79c0-9002-493a-83cd-3e33544c5b6d}</UniqueIdentifier>
    </Filter>
    <Filter Include="Source Files\core">
      <UniqueIdentifier>{4a29e047-61f1-448d-9dee-875bec681775}</UniqueIdentifier>
    </Filter>
  </ItemGroup>
  <ItemGroup>
    <CustomBuild Include="ViewEditor.h">
      <Filter>Header Files</Filter>
    </CustomBuild>
    <CustomBuild Include="ViewEditor.ui">
      <Filter>Form Files</Filter>
    </CustomBuild>
    <CustomBuild Include="ViewWidget.h">
      <Filter>Header Files</Filter>
    </CustomBuild>
    <CustomBuild Include="BezierMesh.h">
      <Filter>Header Files</Filter>
    </CustomBuild>
    <CustomBuild Include="CSGMesh.h">
      <Filter>Header Files</Filter>
    </CustomBuild>
    <CustomBuild Include="ViewSetting.h">
      <Filter>Header Files</Filter>
    </CustomBuild>
    <CustomBuild Include="QViewSetting.ui">
      <Filter>Form Files</Filter>
    </CustomBuild>
  </ItemGroup>
  <ItemGroup>
    <Text Include="..\bin\debug\3D\solid_data\box.txt">
      <Filter>Header Files\MathAPIKernel</Filter>
    </Text>
  </ItemGroup>
</Project>